
Microsoft Visual Studio Solution File, Format Version 12.00
# Visual Studio 2013
VisualStudioVersion = 12.0.40629.0
MinimumVisualStudioVersion = 10.0.40219.1
Project("{FAE04EC0-301F-11D3-BF4B-00C04F79EFBC}") = "Parentesis", "Parentesis\Parentesis.csproj", "{AC5AC6FC-FEAB-472F-A514-BFE999329F9A}"
EndProject
Project("{FAE04EC0-301F-11D3-BF4B-00C04F79EFBC}") = "AlturaArbol", "AlturaArbik\AlturaArbol.csproj", "{D71C28A6-B486-48A8-8892-AE43C1920514}"
EndProject
Project("{FAE04EC0-301F-11D3-BF4B-00C04F79EFBC}") = "LibreriaClases", "LibreriaClases\LibreriaClases.csproj", "{A4C0BA98-A693-48BC-BF43-7A6D35D739A2}"
EndProject
Project("{FAE04EC0-301F-11D3-BF4B-00C04F79EFBC}") = "Mediana", "Mediana\Mediana.csproj", "{034A9281-E756-4243-ABBF-EA8F1B056721}"
EndProject
Project("{FAE04EC0-301F-11D3-BF4B-00C04F79EFBC}") = "MaximosMultiplos", "MaximosMultiplos\MaximosMultiplos.csproj", "{FF6C1F19-33A9-4A61-8F57-42421813B221}"
EndProject
Project("{FAE04EC0-301F-11D3-BF4B-00C04F79EFBC}") = "Levenstein", "Levenstein\Levenstein.csproj", "{FB2915E1-BD7B-4A2D-BA1E-9A6D23F4839D}"
EndProject
Project("{FAE04EC0-301F-11D3-BF4B-00C04F79EFBC}") = "RabinKarp", "RabinKarp\RabinKarp.csproj", "{ECD397AD-890B-4E6F-B6B1-3AED069561CD}"
EndProject
Project("{FAE04EC0-301F-11D3-BF4B-00C04F79EFBC}") = "Kmp", "Kmp\Kmp.csproj", "{2CE44DCA-9E72-4A15-B3C7-BEB3D02308D3}"
EndProject
Global
	GlobalSection(SolutionConfigurationPlatforms) = preSolution
		Debug|Any CPU = Debug|Any CPU
		Release|Any CPU = Release|Any CPU
	EndGlobalSection
	GlobalSection(ProjectConfigurationPlatforms) = postSolution
		{AC5AC6FC-FEAB-472F-A514-BFE999329F9A}.Debug|Any CPU.ActiveCfg = Debug|Any CPU
		{AC5AC6FC-FEAB-472F-A514-BFE999329F9A}.Debug|Any CPU.Build.0 = Debug|Any CPU
		{AC5AC6FC-FEAB-472F-A514-BFE999329F9A}.Release|Any CPU.ActiveCfg = Release|Any CPU
		{AC5AC6FC-FEAB-472F-A514-BFE999329F9A}.Release|Any CPU.Build.0 = Release|Any CPU
		{D71C28A6-B486-48A8-8892-AE43C1920514}.Debug|Any CPU.ActiveCfg = Debug|Any CPU
		{D71C28A6-B486-48A8-8892-AE43C1920514}.Debug|Any CPU.Build.0 = Debug|Any CPU
		{D71C28A6-B486-48A8-8892-AE43C1920514}.Release|Any CPU.ActiveCfg = Release|Any CPU
		{D71C28A6-B486-48A8-8892-AE43C1920514}.Release|Any CPU.Build.0 = Release|Any CPU
		{A4C0BA98-A693-48BC-BF43-7A6D35D739A2}.Debug|Any CPU.ActiveCfg = Debug|Any CPU
		{A4C0BA98-A693-48BC-BF43-7A6D35D739A2}.Debug|Any CPU.Build.0 = Debug|Any CPU
		{A4C0BA98-A693-48BC-BF43-7A6D35D739A2}.Release|Any CPU.ActiveCfg = Release|Any CPU
		{A4C0BA98-A693-48BC-BF43-7A6D35D739A2}.Release|Any CPU.Build.0 = Release|Any CPU
		{034A9281-E756-4243-ABBF-EA8F1B056721}.Debug|Any CPU.ActiveCfg = Debug|Any CPU
		{034A9281-E756-4243-ABBF-EA8F1B056721}.Debug|Any CPU.Build.0 = Debug|Any CPU
		{034A9281-E756-4243-ABBF-EA8F1B056721}.Release|Any CPU.ActiveCfg = Release|Any CPU
		{034A9281-E756-4243-ABBF-EA8F1B056721}.Release|Any CPU.Build.0 = Release|Any CPU
		{FF6C1F19-33A9-4A61-8F57-42421813B221}.Debug|Any CPU.ActiveCfg = Debug|Any CPU
		{FF6C1F19-33A9-4A61-8F57-42421813B221}.Debug|Any CPU.Build.0 = Debug|Any CPU
		{FF6C1F19-33A9-4A61-8F57-42421813B221}.Release|Any CPU.ActiveCfg = Release|Any CPU
		{FF6C1F19-33A9-4A61-8F57-42421813B221}.Release|Any CPU.Build.0 = Release|Any CPU
		{FB2915E1-BD7B-4A2D-BA1E-9A6D23F4839D}.Debug|Any CPU.ActiveCfg = Debug|Any CPU
		{FB2915E1-BD7B-4A2D-BA1E-9A6D23F4839D}.Debug|Any CPU.Build.0 = Debug|Any CPU
		{FB2915E1-BD7B-4A2D-BA1E-9A6D23F4839D}.Release|Any CPU.ActiveCfg = Release|Any CPU
		{FB2915E1-BD7B-4A2D-BA1E-9A6D23F4839D}.Release|Any CPU.Build.0 = Release|Any CPU
		{ECD397AD-890B-4E6F-B6B1-3AED069561CD}.Debug|Any CPU.ActiveCfg = Debug|Any CPU
		{ECD397AD-890B-4E6F-B6B1-3AED069561CD}.Debug|Any CPU.Build.0 = Debug|Any CPU
		{ECD397AD-890B-4E6F-B6B1-3AED069561CD}.Release|Any CPU.ActiveCfg = Release|Any CPU
		{ECD397AD-890B-4E6F-B6B1-3AED069561CD}.Release|Any CPU.Build.0 = Release|Any CPU
		{2CE44DCA-9E72-4A15-B3C7-BEB3D02308D3}.Debug|Any CPU.ActiveCfg = Debug|Any CPU
		{2CE44DCA-9E72-4A15-B3C7-BEB3D02308D3}.Debug|Any CPU.Build.0 = Debug|Any CPU
		{2CE44DCA-9E72-4A15-B3C7-BEB3D02308D3}.Release|Any CPU.ActiveCfg = Release|Any CPU
		{2CE44DCA-9E72-4A15-B3C7-BEB3D02308D3}.Release|Any CPU.Build.0 = Release|Any CPU
	EndGlobalSection
	GlobalSection(SolutionProperties) = preSolution
		HideSolutionNode = FALSE
	EndGlobalSection
EndGlobal
